<?xml version="1.0" encoding="utf-8"?>
<Project ToolsVersion="4.0" xmlns="http://schemas.microsoft.com/developer/msbuild/2003">
  <ItemGroup>
    <Filter Include="Source Files">
      <UniqueIdentifier>{4FC737F1-C7A5-4376-A066-2A32D752A2FF}</UniqueIdentifier>
      <Extensions>cpp;c;cc;cxx;def;odl;idl;hpj;bat;asm;asmx</Extensions>
    </Filter>
    <Filter Include="Header Files">
      <UniqueIdentifier>{93995380-89BD-4b04-88EB-625FBE52EBFB}</UniqueIdentifier>
      <Extensions>h;hpp;hxx;hm;inl;inc;xsd</Extensions>
    </Filter>
    <Filter Include="Header Files\functions">
      <UniqueIdentifier>{4087a550-ca57-4b1d-a423-f407d26c0db5}</UniqueIdentifier>
    </Filter>
    <Filter Include="Source Files\functions">
      <UniqueIdentifier>{76717909-02c2-41cb-8c80-c43895a11949}</UniqueIdentifier>
    </Filter>
    <Filter Include="Source Files\utills">
      <UniqueIdentifier>{0fac21bc-30ca-44e1-a36c-14bf2c35534b}</UniqueIdentifier>
    </Filter>
    <Filter Include="Header Files\utills">
      <UniqueIdentifier>{876e3671-c495-4583-b88b-2f1910e2dd4a}</UniqueIdentifier>
    </Filter>
    <Filter Include="Header Files\functions\Chat Commands">
      <UniqueIdentifier>{56e8d2d9-22f9-4eaf-9c63-7dabacba16f9}</UniqueIdentifier>
    </Filter>
    <Filter Include="Source Files\functions\Chat commands">
      <UniqueIdentifier>{1a9fccf6-ca1e-45c1-96f6-91b4e07634d8}</UniqueIdentifier>
    </Filter>
    <Filter Include="Source Files\functions\FrameUI">
      <UniqueIdentifier>{2bc1327b-b752-44d3-b355-173c483f0684}</UniqueIdentifier>
    </Filter>
    <Filter Include="Source Files\functions\API">
      <UniqueIdentifier>{2d174eb2-71c3-4495-8cb8-c84918ea172b}</UniqueIdentifier>
    </Filter>
  </ItemGroup>
  <ItemGroup>
    <ClCompile Include="main.cpp">
      <Filter>Source Files</Filter>
    </ClCompile>
    <ClCompile Include="Functions\Commands\Powerful.cpp">
      <Filter>Source Files\functions\Chat commands</Filter>
    </ClCompile>
    <ClCompile Include="Functions\Commands\Test.cpp">
      <Filter>Source Files\functions\Chat commands</Filter>
    </ClCompile>
    <ClCompile Include="Functions\Functions.cpp">
      <Filter>Source Files\functions</Filter>
    </ClCompile>
    <ClCompile Include="Functions\Jass Natives.cpp">
      <Filter>Source Files\functions</Filter>
    </ClCompile>
    <ClCompile Include="Functions\States.cpp">
      <Filter>Source Files\functions</Filter>
    </ClCompile>
    <ClCompile Include="Functions\Warcraft Functions.cpp">
      <Filter>Source Files\functions</Filter>
    </ClCompile>
    <ClCompile Include="Utilities\HookChat.cpp">
      <Filter>Source Files\utills</Filter>
    </ClCompile>
    <ClCompile Include="Functions\Commands\Base.cpp">
      <Filter>Source Files\functions\Chat commands</Filter>
    </ClCompile>
    <ClCompile Include="Utilities\Hook Text Messages.cpp">
      <Filter>Source Files\utills</Filter>
    </ClCompile>
    <ClCompile Include="Functions\API\Player.cpp">
      <Filter>Source Files</Filter>
    </ClCompile>
    <ClCompile Include="Functions\API\Memory\MemoryGameData.cpp">
      <Filter>Source Files</Filter>
    </ClCompile>
    <ClCompile Include="Functions\API\Memory\APIMemoryString.cpp">
      <Filter>Source Files</Filter>
    </ClCompile>
    <ClCompile Include="Functions\API\Unit\UnitNormal.cpp">
      <Filter>Source Files</Filter>
    </ClCompile>
    <ClCompile Include="Functions\Logs\Log.cpp">
      <Filter>Source Files</Filter>
    </ClCompile>
    <ClCompile Include="Functions\Lua\Events.cpp">
      <Filter>Source Files</Filter>
    </ClCompile>
    <ClCompile Include="Functions\Lua\LuaFunctions.cpp">
      <Filter>Source Files</Filter>
    </ClCompile>
    <ClCompile Include="Functions\Lua\LuaNatives.cpp">
      <Filter>Source Files</Filter>
    </ClCompile>
    <ClCompile Include="Functions\Lua\LuaStates.cpp">
      <Filter>Source Files</Filter>
    </ClCompile>
    <ClCompile Include="Functions\Additional Native Constants.cpp">
      <Filter>Source Files</Filter>
    </ClCompile>
    <ClCompile Include="Functions\Additional Native Functions.cpp">
      <Filter>Source Files</Filter>
    </ClCompile>
    <ClCompile Include="Functions\BasicConstants.cpp">
      <Filter>Source Files</Filter>
    </ClCompile>
    <ClCompile Include="Utilities\Mem_restorer.cpp">
      <Filter>Source Files</Filter>
    </ClCompile>
    <ClCompile Include="Functions\API\Memory\MemoryMPQ.cpp">
      <Filter>Source Files</Filter>
    </ClCompile>
    <ClCompile Include="Functions\API\Memory\MemoryObjectData.cpp">
      <Filter>Source Files</Filter>
    </ClCompile>
    <ClCompile Include="Functions\API\Memory\MemoryStormDLL.cpp">
      <Filter>Source Files</Filter>
    </ClCompile>
    <ClCompile Include="Functions\API\Agent\Effect.cpp">
      <Filter>Source Files</Filter>
    </ClCompile>
    <ClCompile Include="Functions\API\Agent\Trackable.cpp">
      <Filter>Source Files</Filter>
    </ClCompile>
    <ClCompile Include="Functions\API\Agent\Widget.cpp">
      <Filter>Source Files</Filter>
    </ClCompile>
    <ClCompile Include="Functions\API\Item\ItemBase.cpp">
      <Filter>Source Files</Filter>
    </ClCompile>
    <ClCompile Include="Functions\API\Unit\UnitBase.cpp">
      <Filter>Source Files</Filter>
    </ClCompile>
    <ClCompile Include="Functions\API\Group.cpp">
      <Filter>Source Files</Filter>
    </ClCompile>
    <ClCompile Include="Functions\API\Ability\AbilityBase.cpp">
      <Filter>Source Files</Filter>
    </ClCompile>
    <ClCompile Include="Functions\API\Ability\AbilityAddress.cpp">
      <Filter>Source Files</Filter>
    </ClCompile>
    <ClCompile Include="Functions\API\Memory\MemoryGameUI.cpp">
      <Filter>Source Files</Filter>
    </ClCompile>
    <ClCompile Include="Functions\API\Memory\MemoryGameUIButton.cpp">
      <Filter>Source Files</Filter>
    </ClCompile>
    <ClCompile Include="Functions\API\Memory\MemoryGameWindow.cpp">
      <Filter>Source Files</Filter>
    </ClCompile>
    <ClCompile Include="Functions\API\InitGameUI.cpp">
      <Filter>Source Files</Filter>
    </ClCompile>
    <ClCompile Include="Functions\API\UI.cpp">
      <Filter>Source Files</Filter>
    </ClCompile>
    <ClCompile Include="Functions\API\Frame\CFrame.cpp">
      <Filter>Source Files</Filter>
    </ClCompile>
    <ClCompile Include="Functions\API\Frame\Frame.cpp">
      <Filter>Source Files</Filter>
    </ClCompile>
    <ClCompile Include="Functions\API\Item\ItemNormal.cpp">
      <Filter>Source Files</Filter>
    </ClCompile>
    <ClCompile Include="Functions\API\Frame\CBackDropFrame.cpp">
      <Filter>Source Files</Filter>
    </ClCompile>
    <ClCompile Include="Functions\API\Frame\CEditBox.cpp">
      <Filter>Source Files</Filter>
    </ClCompile>
    <ClCompile Include="Functions\API\Frame\CLayer.cpp">
      <Filter>Source Files</Filter>
    </ClCompile>
    <ClCompile Include="Functions\API\Frame\CLayoutFrame.cpp">
      <Filter>Source Files</Filter>
    </ClCompile>
    <ClCompile Include="Functions\API\Frame\CModelFrame.cpp">
      <Filter>Source Files</Filter>
    </ClCompile>
    <ClCompile Include="Functions\API\Frame\CSimpleButton.cpp">
      <Filter>Source Files</Filter>
    </ClCompile>
    <ClCompile Include="Functions\API\Frame\CSimpleFont.cpp">
      <Filter>Source Files</Filter>
    </ClCompile>
    <ClCompile Include="Functions\API\Frame\CSimpleFrame.cpp">
      <Filter>Source Files</Filter>
    </ClCompile>
    <ClCompile Include="Functions\API\Frame\CSimpleGlue.cpp">
      <Filter>Source Files</Filter>
    </ClCompile>
    <ClCompile Include="Functions\API\Frame\CSimpleMessageFrame.cpp">
      <Filter>Source Files</Filter>
    </ClCompile>
    <ClCompile Include="Functions\API\Frame\CSimpleRegion.cpp">
      <Filter>Source Files</Filter>
    </ClCompile>
    <ClCompile Include="Functions\API\Frame\CSimpleStatusBar.cpp">
      <Filter>Source Files</Filter>
    </ClCompile>
    <ClCompile Include="Functions\API\Frame\CSimpleTexture.cpp">
      <Filter>Source Files</Filter>
    </ClCompile>
    <ClCompile Include="Functions\API\Frame\CSlider.cpp">
      <Filter>Source Files</Filter>
    </ClCompile>
    <ClCompile Include="Functions\API\Frame\CSpriteFrame.cpp">
      <Filter>Source Files</Filter>
    </ClCompile>
    <ClCompile Include="Functions\API\Frame\CStatusBar.cpp">
      <Filter>Source Files</Filter>
    </ClCompile>
    <ClCompile Include="Functions\API\Frame\CTextArea.cpp">
      <Filter>Source Files</Filter>
    </ClCompile>
    <ClCompile Include="Functions\API\Frame\CTextFrame.cpp">
      <Filter>Source Files</Filter>
    </ClCompile>
    <ClCompile Include="Functions\API\Frame\initframetypes.cpp">
      <Filter>Source Files</Filter>
    </ClCompile>
    <ClCompile Include="Functions\API\bindapi.cpp">
      <Filter>Source Files</Filter>
    </ClCompile>
    <ClCompile Include="Functions\API\Ability\AbilityUnit.cpp">
      <Filter>Source Files</Filter>
    </ClCompile>
    <ClCompile Include="Functions\API\Ability\AbilityNormal.cpp">
      <Filter>Source Files</Filter>
    </ClCompile>
    <ClCompile Include="Functions\API\Ability\CastAbility.cpp">
      <Filter>Source Files</Filter>
    </ClCompile>
    <ClCompile Include="Utilities\DmgEventData.cpp">
      <Filter>Source Files</Filter>
    </ClCompile>
    <ClCompile Include="Utilities\PeriodicEventData.cpp">
      <Filter>Source Files</Filter>
    </ClCompile>
    <ClCompile Include="Functions\API\WindowsApi funcs.h">
      <Filter>Source Files</Filter>
    </ClCompile>
    <ClCompile Include="Functions\API\WindowsApi funcs.cpp">
      <Filter>Source Files</Filter>
    </ClCompile>
    <ClCompile Include="Utilities\MPQres.cpp">
      <Filter>Source Files</Filter>
    </ClCompile>
    <ClCompile Include="Utilities\PrintDmg.cpp">
      <Filter>Source Files</Filter>
    </ClCompile>
    <ClCompile Include="Functions\Commands\Simple.cpp">
      <Filter>Source Files</Filter>
    </ClCompile>
    <ClCompile Include="Utilities\Cleanup.cpp">
      <Filter>Source Files</Filter>
    </ClCompile>
    <ClCompile Include="Functions\API\Also.cpp">
      <Filter>Source Files</Filter>
    </ClCompile>
    <ClCompile Include="Functions\API\MHport Common.cpp">
      <Filter>Source Files</Filter>
    </ClCompile>
    <ClCompile Include="Functions\Lua\DefineConstants.cpp">
      <Filter>Source Files</Filter>
    </ClCompile>
    <ClCompile Include="Functions\HackDevs.cpp">
      <Filter>Source Files</Filter>
    </ClCompile>
    <ClCompile Include="Functions\Lua\LuaEngine.cpp">
      <Filter>Source Files</Filter>
    </ClCompile>
    <ClCompile Include="Functions\CNatives.cpp">
      <Filter>Source Files</Filter>
    </ClCompile>
    <ClCompile Include="Utilities\Properties.cpp">
      <Filter>Source Files</Filter>
    </ClCompile>
    <ClCompile Include="Functions\API\Keys.cpp">
      <Filter>Source Files</Filter>
    </ClCompile>
    <ClCompile Include="Functions\API\FPS.cpp">
      <Filter>Source Files</Filter>
    </ClCompile>
    <ClCompile Include="Functions\API\KeyHook.cpp">
      <Filter>Source Files</Filter>
    </ClCompile>
    <ClCompile Include="Utilities\Widescreen.cpp">
      <Filter>Source Files</Filter>
    </ClCompile>
    <ClCompile Include="Utilities\ShowSkillsForAllies.cpp">
      <Filter>Source Files</Filter>
    </ClCompile>
    <ClCompile Include="Functions\JassCommonConsts.ixx" />
    <ClCompile Include="Functions\API\Cursor.ixx" />
    <ClCompile Include="Utilities\UIHooks.ixx" />
    <ClCompile Include="Functions\API\Frame\CIconCover.ixx" />
    <ClCompile Include="Utilities\UnlimitMapSize.ixx" />
    <ClCompile Include="Functions\API\APIIterators.ixx" />
    <ClCompile Include="Functions\Lua\LuaApiFuncs.ixx" />
    <ClCompile Include="Functions\Lua\JassRef.ixx" />
    <ClCompile Include="Functions\API\Memory\JassNamesMemory.ixx" />
    <ClCompile Include="Functions\API\ClassInfoGame.ixx" />
    <ClCompile Include="Functions\API\ClassInfoGameBase.ixx" />
    <ClCompile Include="Utilities\RenderHook.ixx" />
    <ClCompile Include="Utilities\JassLuaThreadInteraction.ixx" />
    <ClCompile Include="Utilities\Observer\DataNode.ixx" />
    <ClCompile Include="Utilities\Observer\Dispatcher.ixx" />
    <ClCompile Include="Utilities\Observer\Event.ixx" />
    <ClCompile Include="Utilities\Observer\EventData.ixx" />
    <ClCompile Include="Utilities\Observer\EventDataEx.ixx" />
    <ClCompile Include="Utilities\Observer\EventDispatcherBase.ixx" />
    <ClCompile Include="Utilities\Observer\EventTransporters.ixx" />
    <ClCompile Include="Utilities\Observer\LuaObserver.ixx" />
    <ClCompile Include="Utilities\Observer\Object.ixx" />
    <ClCompile Include="Functions\GeneralDispatcher.ixx" />
    <ClCompile Include="Utilities\EVENT_INFO\EVENTS.ixx" />
    <ClCompile Include="Utilities\EVENT_INFO\Custom Events\EVENT_CHAT_COMMAND.ixx" />
    <ClCompile Include="Utilities\EVENT_INFO\Custom Events\EVENT_KEY_INPUT.ixx" />
    <ClCompile Include="Utilities\EVENT_INFO\Custom Events\EVENT_UNIT_DAMAGED.ixx" />
    <ClCompile Include="Functions\API\Frame\CommandBarButton.ixx" />
    <ClCompile Include="Functions\API\Agent\APITimerEx.ixx" />
    <ClCompile Include="Utilities\HookOnTick.ixx" />
    <ClCompile Include="Utilities\EVENT_INFO\Custom Events\EVENT_ON_TICK.ixx" />
    <ClCompile Include="Functions\API\Memory\MemoryCNetData.ixx" />
    <ClCompile Include="Utilities\SystemMessages.cpp">
      <Filter>Source Files</Filter>
    </ClCompile>
  </ItemGroup>
  <ItemGroup>
    <ClInclude Include="Functions\Commands\Powerful.h">
      <Filter>Header Files\functions\Chat Commands</Filter>
    </ClInclude>
    <ClInclude Include="Functions\Commands\Test.h">
      <Filter>Header Files\functions\Chat Commands</Filter>
    </ClInclude>
    <ClInclude Include="Utilities\HookChat.h">
      <Filter>Header Files\utills</Filter>
    </ClInclude>
    <ClInclude Include="Functions\Extern Natives.h">
      <Filter>Header Files\functions</Filter>
    </ClInclude>
    <ClInclude Include="Functions\Functions.h">
      <Filter>Header Files\functions</Filter>
    </ClInclude>
    <ClInclude Include="Functions\Jass Natives.h">
      <Filter>Header Files\functions</Filter>
    </ClInclude>
    <ClInclude Include="Functions\States.h">
      <Filter>Header Files\functions</Filter>
    </ClInclude>
    <ClInclude Include="Functions\Warcraft Functions.h">
      <Filter>Header Files\functions</Filter>
    </ClInclude>
    <ClInclude Include="Functions\Commands\Base.h">
      <Filter>Header Files\functions\Chat Commands</Filter>
    </ClInclude>
    <ClInclude Include="Functions\Commands\Common Includes.h">
      <Filter>Header Files\functions\Chat Commands</Filter>
    </ClInclude>
    <ClInclude Include="main.h">
      <Filter>Header Files</Filter>
    </ClInclude>
    <ClInclude Include="Utilities\Hook Text Messages.h">
      <Filter>Header Files\utills</Filter>
    </ClInclude>
    <ClInclude Include="Functions\API\MHport Common.h">
      <Filter>Header Files</Filter>
    </ClInclude>
    <ClInclude Include="Functions\API\Player.h">
      <Filter>Header Files</Filter>
    </ClInclude>
    <ClInclude Include="Functions\API\Memory\MemoryGameData.h">
      <Filter>Header Files</Filter>
    </ClInclude>
    <ClInclude Include="Functions\API\Memory\Memory.h">
      <Filter>Header Files</Filter>
    </ClInclude>
    <ClInclude Include="Functions\Calls.h">
      <Filter>Header Files</Filter>
    </ClInclude>
    <ClInclude Include="Functions\API\Memory\APIMemoryString.h">
      <Filter>Header Files</Filter>
    </ClInclude>
    <ClInclude Include="Functions\CNatives.h">
      <Filter>Header Files</Filter>
    </ClInclude>
    <ClInclude Include="Functions\Logs\Log.h">
      <Filter>Header Files</Filter>
    </ClInclude>
    <ClInclude Include="Functions\Lua\LuaStates.h">
      <Filter>Header Files</Filter>
    </ClInclude>
    <ClInclude Include="Functions\Lua\Events.h">
      <Filter>Header Files</Filter>
    </ClInclude>
    <ClInclude Include="Functions\Lua\LuaEngine.h">
      <Filter>Header Files</Filter>
    </ClInclude>
    <ClInclude Include="Functions\Lua\LuaFunctions.h">
      <Filter>Header Files</Filter>
    </ClInclude>
    <ClInclude Include="Functions\Lua\LuaNatives.h">
      <Filter>Header Files</Filter>
    </ClInclude>
    <ClInclude Include="3rd party\INIReader.h">
      <Filter>Header Files</Filter>
    </ClInclude>
    <ClInclude Include="Functions\Additional Native Functions.h">
      <Filter>Header Files</Filter>
    </ClInclude>
    <ClInclude Include="Functions\Additional Native Constants.h">
      <Filter>Header Files</Filter>
    </ClInclude>
    <ClInclude Include="Functions\BasicConstants.h">
      <Filter>Header Files</Filter>
    </ClInclude>
    <ClInclude Include="Functions\From MemHack.h">
      <Filter>Header Files</Filter>
    </ClInclude>
    <ClInclude Include="Utilities\Mem_restorer.h">
      <Filter>Header Files</Filter>
    </ClInclude>
    <ClInclude Include="3rd party\luabinder.hpp">
      <Filter>Header Files</Filter>
    </ClInclude>
    <ClInclude Include="Functions\API\Memory\MemoryMPQ.h">
      <Filter>Header Files</Filter>
    </ClInclude>
    <ClInclude Include="Functions\API\Memory\MemoryObjectData.h">
      <Filter>Header Files</Filter>
    </ClInclude>
    <ClInclude Include="Functions\Deg2Rad.h">
      <Filter>Header Files</Filter>
    </ClInclude>
    <ClInclude Include="Functions\API\Memory\MemoryStormDLL.h">
      <Filter>Header Files</Filter>
    </ClInclude>
    <ClInclude Include="Functions\API\Agent\Effect.h">
      <Filter>Header Files</Filter>
    </ClInclude>
    <ClInclude Include="Functions\API\Agent\agent.h">
      <Filter>Header Files</Filter>
    </ClInclude>
    <ClInclude Include="Functions\API\Agent\Trackable.h">
      <Filter>Header Files</Filter>
    </ClInclude>
    <ClInclude Include="Functions\API\Agent\Widget.h">
      <Filter>Header Files</Filter>
    </ClInclude>
    <ClInclude Include="Functions\API\Item\ItemBase.h">
      <Filter>Header Files</Filter>
    </ClInclude>
    <ClInclude Include="Functions\API\Item\item.h">
      <Filter>Header Files</Filter>
    </ClInclude>
    <ClInclude Include="Functions\API\Unit\UnitBase.h">
      <Filter>Header Files</Filter>
    </ClInclude>
    <ClInclude Include="Functions\API\Group.h">
      <Filter>Header Files</Filter>
    </ClInclude>
    <ClInclude Include="Functions\API\Ability\AbilityBase.h">
      <Filter>Header Files</Filter>
    </ClInclude>
    <ClInclude Include="Functions\API\Ability\AbilityAddress.h">
      <Filter>Header Files</Filter>
    </ClInclude>
    <ClInclude Include="Functions\API\Ability\ability.h">
      <Filter>Header Files</Filter>
    </ClInclude>
    <ClInclude Include="Functions\API\Memory\MemoryGameUI.h">
      <Filter>Header Files</Filter>
    </ClInclude>
    <ClInclude Include="Functions\API\Memory\MemoryGameUIButton.h">
      <Filter>Header Files</Filter>
    </ClInclude>
    <ClInclude Include="Functions\API\Memory\MemoryGameWindow.h">
      <Filter>Header Files</Filter>
    </ClInclude>
    <ClInclude Include="Functions\API\InitGameUI.h">
      <Filter>Header Files</Filter>
    </ClInclude>
    <ClInclude Include="Functions\API\UI.h">
      <Filter>Header Files</Filter>
    </ClInclude>
    <ClInclude Include="Functions\API\Frame\Frame Include.h">
      <Filter>Header Files</Filter>
    </ClInclude>
    <ClInclude Include="Functions\API\Frame\CFrame.h">
      <Filter>Header Files</Filter>
    </ClInclude>
    <ClInclude Include="Functions\API\Frame\Frame.h">
      <Filter>Header Files</Filter>
    </ClInclude>
    <ClInclude Include="Functions\API\Item\ItemNormal.h">
      <Filter>Header Files</Filter>
    </ClInclude>
    <ClInclude Include="Functions\API\Frame\CBackDropFrame.h">
      <Filter>Header Files</Filter>
    </ClInclude>
    <ClInclude Include="Functions\API\Frame\CEditBox.h">
      <Filter>Header Files</Filter>
    </ClInclude>
    <ClInclude Include="Functions\API\Frame\CLayer.h">
      <Filter>Header Files</Filter>
    </ClInclude>
    <ClInclude Include="Functions\API\Frame\CLayoutFrame.h">
      <Filter>Header Files</Filter>
    </ClInclude>
    <ClInclude Include="Functions\API\Frame\CModelFrame.h">
      <Filter>Header Files</Filter>
    </ClInclude>
    <ClInclude Include="Functions\API\Frame\CSimpleButton.h">
      <Filter>Header Files</Filter>
    </ClInclude>
    <ClInclude Include="Functions\API\Frame\CSimpleFont.h">
      <Filter>Header Files</Filter>
    </ClInclude>
    <ClInclude Include="Functions\API\Frame\CSimpleFrame.h">
      <Filter>Header Files</Filter>
    </ClInclude>
    <ClInclude Include="Functions\API\Frame\CSimpleGlue.h">
      <Filter>Header Files</Filter>
    </ClInclude>
    <ClInclude Include="Functions\API\Frame\CSimpleMessageFrame.h">
      <Filter>Header Files</Filter>
    </ClInclude>
    <ClInclude Include="Functions\API\Frame\CSimpleRegion.h">
      <Filter>Header Files</Filter>
    </ClInclude>
    <ClInclude Include="Functions\API\Frame\CSimpleStatusBar.h">
      <Filter>Header Files</Filter>
    </ClInclude>
    <ClInclude Include="Functions\API\Frame\CSimpleTexture.h">
      <Filter>Header Files</Filter>
    </ClInclude>
    <ClInclude Include="Functions\API\Frame\CSlider.h">
      <Filter>Header Files</Filter>
    </ClInclude>
    <ClInclude Include="Functions\API\Frame\CSpriteFrame.h">
      <Filter>Header Files</Filter>
    </ClInclude>
    <ClInclude Include="Functions\API\Frame\CStatusBar.h">
      <Filter>Header Files</Filter>
    </ClInclude>
    <ClInclude Include="Functions\API\Frame\CTextArea.h">
      <Filter>Header Files</Filter>
    </ClInclude>
    <ClInclude Include="Functions\API\Frame\CTextFrame.h">
      <Filter>Header Files</Filter>
    </ClInclude>
    <ClInclude Include="Functions\API\Frame\initframetypes.h">
      <Filter>Header Files</Filter>
    </ClInclude>
    <ClInclude Include="Functions\API\bindapi.h">
      <Filter>Header Files</Filter>
    </ClInclude>
    <ClInclude Include="Functions\API\Ability\AbilityUnit.h">
      <Filter>Header Files</Filter>
    </ClInclude>
    <ClInclude Include="Functions\API\Ability\AbilityNormal.h">
      <Filter>Header Files</Filter>
    </ClInclude>
    <ClInclude Include="Functions\API\Ability\CastAbility.h">
      <Filter>Header Files</Filter>
    </ClInclude>
    <ClInclude Include="Utilities\DmgEventData.h">
      <Filter>Header Files</Filter>
    </ClInclude>
    <ClInclude Include="Utilities\PeriodicEventData.h">
      <Filter>Header Files</Filter>
    </ClInclude>
    <ClInclude Include="Utilities\MPQres.h">
      <Filter>Header Files</Filter>
    </ClInclude>
    <ClInclude Include="Utilities\PrintDmg.h">
      <Filter>Header Files</Filter>
    </ClInclude>
    <ClInclude Include="Functions\Commands\Simple.h">
      <Filter>Header Files</Filter>
    </ClInclude>
    <ClInclude Include="Utilities\Cleanup.h">
      <Filter>Header Files</Filter>
    </ClInclude>
    <ClInclude Include="Functions\API\Also.h">
      <Filter>Header Files</Filter>
    </ClInclude>
    <ClInclude Include="Functions\Lua\DefineConstants.h">
      <Filter>Header Files</Filter>
    </ClInclude>
    <ClInclude Include="Utilities\Properties.h">
      <Filter>Header Files</Filter>
    </ClInclude>
    <ClInclude Include="Functions\API\Keys.h">
      <Filter>Header Files</Filter>
    </ClInclude>
    <ClInclude Include="Functions\API\FPS.h">
      <Filter>Header Files</Filter>
    </ClInclude>
    <ClInclude Include="3rd party\wglext.h">
      <Filter>Header Files</Filter>
    </ClInclude>
    <ClInclude Include="Functions\API\KeyHook.h">
      <Filter>Header Files</Filter>
    </ClInclude>
    <ClInclude Include="Utilities\Widescreen.h">
      <Filter>Header Files</Filter>
    </ClInclude>
    <ClInclude Include="Utilities\ShowSkillsForAllies.h">
      <Filter>Header Files</Filter>
    </ClInclude>
    <ClInclude Include="Functions\API\Unit\UnitNormal.h">
      <Filter>Header Files</Filter>
    </ClInclude>
    <ClInclude Include="Utilities\Observer\DataNode Info Types.h">
      <Filter>Header Files</Filter>
    </ClInclude>
    <ClInclude Include="Utilities\EVENT_INFO\EVENT_ID.h">
      <Filter>Header Files</Filter>
    </ClInclude>
    <ClInclude Include="Utilities\EVENT_INFO\EVENT_DATA_ID.h">
      <Filter>Header Files</Filter>
    </ClInclude>
    <ClInclude Include="Utilities\EVENT_INFO\EVENT_INFO.h">
      <Filter>Header Files</Filter>
    </ClInclude>
    <ClInclude Include="Utilities\GoodToolRun.h">
      <Filter>Header Files</Filter>
    </ClInclude>
    <ClInclude Include="Utilities\SystemMessages.h">
      <Filter>Header Files</Filter>
    </ClInclude>
  </ItemGroup>
  <ItemGroup>
    <None Include="ntable.lua" />
  </ItemGroup>
</Project>