<?xml version="1.0" encoding="UTF-8" standalone="yes" ?>
<CodeBlocks_project_file>
	<FileVersion major="1" minor="6" />
	<Project>
		<Option title="GoodTool" />
		<Option pch_mode="2" />
		<Option compiler="gcc" />
		<Build>
			<Target title="Debug Win32">
				<Option output="./Debug/GoodTool" prefix_auto="1" extension_auto="1" />
				<Option object_output="Debug/" />
				<Option deps_output="./Debug/" />
				<Option type="3" />
				<Option compiler="gcc" />
				<Option createDefFile="1" />
				<Option createStaticLib="1" />
				<Compiler>
					<Add option="-g" />
					<Add option="-DWIN32" />
					<Add option="-D_DEBUG" />
					<Add option="-D_WINDOWS" />
					<Add option="-D_USRDLL" />
					<Add option="-DWARCRAFT_EXPORTS" />
					<Add option="-O0" />
					<Add option="-Wall" />
					<Add directory="./3rd party/rcmp/include/" />
					<Add directory="./3rd party/" />
					<Add directory="./Functions/Lua/" />
					<Add directory="./Functions/" />
					<Add directory="./Utilities/" />
					<Add directory="./3rd party/lua/include/" />
					<Add directory="./3rd party/LuaBridge-master/Source/" />
					<Add directory="./3rd party/LuaBridge-master/Source/LuaBridge/" />
					<Add directory="$(IncludePath)/" />
				</Compiler>
				<Linker>
					<Add library="version.lib" />
					<Add library="Urlmon.lib" />
					<Add library="Shlwapi.lib" />
					<Add library="Wininet.lib" />
					<Add library="winmm.lib" />
					<Add library="comctl32.lib" />
					<Add library="kernel32.lib" />
					<Add library="user32.lib" />
					<Add library="gdi32.lib" />
					<Add library="winspool.lib" />
					<Add library="comdlg32.lib" />
					<Add library="advapi32.lib" />
					<Add library="shell32.lib" />
					<Add library="ole32.lib" />
					<Add library="oleaut32.lib" />
					<Add library="uuid.lib" />
					<Add library="odbc32.lib" />
					<Add library="odbccp32.lib" />
					<Add directory="./Debug/" />
					<Add directory="./3rd party/lua/" />
					<Add directory="./3rd party/rcmp/" />
					<Add directory="./3rd party/LuaBridge-master/LuaBridge/Debug/" />
					<Add directory="$(LibraryPath)/" />
				</Linker>
			</Target>
			<Target title="Simple Win32">
				<Option output="./Simple/GoodTool_Simple" prefix_auto="1" extension_auto="1" />
				<Option object_output="Simple/" />
				<Option deps_output="./Simple/" />
				<Option type="3" />
				<Option compiler="gcc" />
				<Option createDefFile="1" />
				<Option createStaticLib="1" />
				<Compiler>
					<Add option="-DWIN32" />
					<Add option="-D_DEBUG" />
					<Add option="-D_WINDOWS" />
					<Add option="-D_USRDLL" />
					<Add option="-DWARCRAFT_EXPORTS" />
					<Add option="-O0" />
					<Add option="-Wall" />
					<Add directory="./3rd party/rcmp/include/" />
					<Add directory="./3rd party/lua/include/" />
					<Add directory="./Functions/" />
					<Add directory="./Utilities/" />
					<Add directory="./Functions/Lua/" />
					<Add directory="$(IncludePath)/" />
				</Compiler>
				<Linker>
					<Add library="version.lib" />
					<Add library="winmm.lib" />
					<Add library="comctl32.lib" />
					<Add library="kernel32.lib" />
					<Add library="user32.lib" />
					<Add library="gdi32.lib" />
					<Add library="winspool.lib" />
					<Add library="comdlg32.lib" />
					<Add library="advapi32.lib" />
					<Add library="shell32.lib" />
					<Add library="ole32.lib" />
					<Add library="oleaut32.lib" />
					<Add library="uuid.lib" />
					<Add library="odbc32.lib" />
					<Add library="odbccp32.lib" />
					<Add directory="./3rd party/rcmp/" />
					<Add directory="./3rd party/lua/" />
					<Add directory="$(LibraryPath)/" />
				</Linker>
			</Target>
			<Target title="Release Win32">
				<Option output="D:/GoodTool/GoodTool" prefix_auto="1" extension_auto="1" />
				<Option object_output="Release/" />
				<Option deps_output="D:/GoodTool/" />
				<Option type="3" />
				<Option compiler="gcc" />
				<Option createDefFile="1" />
				<Option createStaticLib="1" />
				<Compiler>
					<Add option="-DWIN32" />
					<Add option="-DNDEBUG" />
					<Add option="-D_WINDOWS" />
					<Add option="-D_USRDLL" />
					<Add option="-DWARCRAFT_EXPORTS" />
					<Add option="-O2" />
					<Add option="-Wall" />
					<Add directory="./3rd party/rcmp/include/" />
					<Add directory="./3rd party/lua/include/" />
					<Add directory="$(IncludePath)/" />
				</Compiler>
				<Linker>
					<Add option="-s" />
					<Add library="LUA.lib" />
					<Add library="version.lib" />
					<Add library="rcmp.lib" />
					<Add library="winmm.lib" />
					<Add library="comctl32.lib" />
					<Add library="kernel32.lib" />
					<Add library="user32.lib" />
					<Add library="gdi32.lib" />
					<Add library="winspool.lib" />
					<Add library="comdlg32.lib" />
					<Add library="advapi32.lib" />
					<Add library="shell32.lib" />
					<Add library="ole32.lib" />
					<Add library="oleaut32.lib" />
					<Add library="uuid.lib" />
					<Add library="odbc32.lib" />
					<Add library="odbccp32.lib" />
					<Add directory="./3rd party/lua/" />
					<Add directory="$(LibraryPath)/" />
					<Add directory="D:/cpp/wc3/GoodTool/3rd party/rcmp/Release/Output/" />
				</Linker>
			</Target>
		</Build>
		<Unit filename="3rd party/INIReader.h" />
		<Unit filename="3rd party/luabinder.hpp" />
		<Unit filename="Functions/API/Ability/AbilityAddress.cpp" />
		<Unit filename="Functions/API/Ability/AbilityAddress.h" />
		<Unit filename="Functions/API/Ability/AbilityBase.cpp" />
		<Unit filename="Functions/API/Ability/AbilityBase.h" />
		<Unit filename="Functions/API/Ability/AbilityNormal.cpp" />
		<Unit filename="Functions/API/Ability/AbilityNormal.h" />
		<Unit filename="Functions/API/Ability/AbilityUnit.cpp" />
		<Unit filename="Functions/API/Ability/AbilityUnit.h" />
		<Unit filename="Functions/API/Ability/CastAbility.cpp" />
		<Unit filename="Functions/API/Ability/CastAbility.h" />
		<Unit filename="Functions/API/Ability/ability.h" />
		<Unit filename="Functions/API/Agent/Effect.cpp" />
		<Unit filename="Functions/API/Agent/Effect.h" />
		<Unit filename="Functions/API/Agent/Trackable.cpp" />
		<Unit filename="Functions/API/Agent/Trackable.h" />
		<Unit filename="Functions/API/Agent/Widget.cpp" />
		<Unit filename="Functions/API/Agent/Widget.h" />
		<Unit filename="Functions/API/Agent/agent.h" />
		<Unit filename="Functions/API/Also.cpp" />
		<Unit filename="Functions/API/Also.h" />
		<Unit filename="Functions/API/Frame/CBackDropFrame.cpp" />
		<Unit filename="Functions/API/Frame/CBackDropFrame.h" />
		<Unit filename="Functions/API/Frame/CEditBox.cpp" />
		<Unit filename="Functions/API/Frame/CEditBox.h" />
		<Unit filename="Functions/API/Frame/CFrame.cpp" />
		<Unit filename="Functions/API/Frame/CFrame.h" />
		<Unit filename="Functions/API/Frame/CLayer.cpp" />
		<Unit filename="Functions/API/Frame/CLayer.h" />
		<Unit filename="Functions/API/Frame/CLayoutFrame.cpp" />
		<Unit filename="Functions/API/Frame/CLayoutFrame.h" />
		<Unit filename="Functions/API/Frame/CModelFrame.cpp" />
		<Unit filename="Functions/API/Frame/CModelFrame.h" />
		<Unit filename="Functions/API/Frame/CSimpleButton.cpp" />
		<Unit filename="Functions/API/Frame/CSimpleButton.h" />
		<Unit filename="Functions/API/Frame/CSimpleFont.cpp" />
		<Unit filename="Functions/API/Frame/CSimpleFont.h" />
		<Unit filename="Functions/API/Frame/CSimpleFrame.cpp" />
		<Unit filename="Functions/API/Frame/CSimpleFrame.h" />
		<Unit filename="Functions/API/Frame/CSimpleGlue.cpp" />
		<Unit filename="Functions/API/Frame/CSimpleGlue.h" />
		<Unit filename="Functions/API/Frame/CSimpleMessageFrame.cpp" />
		<Unit filename="Functions/API/Frame/CSimpleMessageFrame.h" />
		<Unit filename="Functions/API/Frame/CSimpleRegion.cpp" />
		<Unit filename="Functions/API/Frame/CSimpleRegion.h" />
		<Unit filename="Functions/API/Frame/CSimpleStatusBar.cpp" />
		<Unit filename="Functions/API/Frame/CSimpleStatusBar.h" />
		<Unit filename="Functions/API/Frame/CSimpleTexture.cpp" />
		<Unit filename="Functions/API/Frame/CSimpleTexture.h" />
		<Unit filename="Functions/API/Frame/CSlider.cpp" />
		<Unit filename="Functions/API/Frame/CSlider.h" />
		<Unit filename="Functions/API/Frame/CSpriteFrame.cpp" />
		<Unit filename="Functions/API/Frame/CSpriteFrame.h" />
		<Unit filename="Functions/API/Frame/CStatusBar.cpp" />
		<Unit filename="Functions/API/Frame/CStatusBar.h" />
		<Unit filename="Functions/API/Frame/CTextArea.cpp" />
		<Unit filename="Functions/API/Frame/CTextArea.h" />
		<Unit filename="Functions/API/Frame/CTextFrame.cpp" />
		<Unit filename="Functions/API/Frame/CTextFrame.h" />
		<Unit filename="Functions/API/Frame/Frame Include.h" />
		<Unit filename="Functions/API/Frame/Frame.cpp" />
		<Unit filename="Functions/API/Frame/Frame.h" />
		<Unit filename="Functions/API/Frame/initframetypes.cpp" />
		<Unit filename="Functions/API/Frame/initframetypes.h" />
		<Unit filename="Functions/API/Group.cpp" />
		<Unit filename="Functions/API/Group.h" />
		<Unit filename="Functions/API/InitGameUI.cpp" />
		<Unit filename="Functions/API/InitGameUI.h" />
		<Unit filename="Functions/API/Item/ItemBase.cpp" />
		<Unit filename="Functions/API/Item/ItemBase.h" />
		<Unit filename="Functions/API/Item/ItemNormal.cpp" />
		<Unit filename="Functions/API/Item/ItemNormal.h" />
		<Unit filename="Functions/API/Item/item.h" />
		<Unit filename="Functions/API/MHport Common.cpp" />
		<Unit filename="Functions/API/MHport Common.h" />
		<Unit filename="Functions/API/Memory/APIMemoryString.cpp" />
		<Unit filename="Functions/API/Memory/APIMemoryString.h" />
		<Unit filename="Functions/API/Memory/Memory.h" />
		<Unit filename="Functions/API/Memory/MemoryGameData.cpp" />
		<Unit filename="Functions/API/Memory/MemoryGameData.h" />
		<Unit filename="Functions/API/Memory/MemoryGameUI.cpp" />
		<Unit filename="Functions/API/Memory/MemoryGameUI.h" />
		<Unit filename="Functions/API/Memory/MemoryGameUIButton.cpp" />
		<Unit filename="Functions/API/Memory/MemoryGameUIButton.h" />
		<Unit filename="Functions/API/Memory/MemoryGameWindow.cpp" />
		<Unit filename="Functions/API/Memory/MemoryGameWindow.h" />
		<Unit filename="Functions/API/Memory/MemoryMPQ.cpp" />
		<Unit filename="Functions/API/Memory/MemoryMPQ.h" />
		<Unit filename="Functions/API/Memory/MemoryObjectData.cpp" />
		<Unit filename="Functions/API/Memory/MemoryObjectData.h" />
		<Unit filename="Functions/API/Memory/MemoryStormDLL.cpp" />
		<Unit filename="Functions/API/Memory/MemoryStormDLL.h" />
		<Unit filename="Functions/API/Player.cpp" />
		<Unit filename="Functions/API/Player.h" />
		<Unit filename="Functions/API/UI.cpp" />
		<Unit filename="Functions/API/UI.h" />
		<Unit filename="Functions/API/Unit/UnitBase.cpp" />
		<Unit filename="Functions/API/Unit/UnitBase.h" />
		<Unit filename="Functions/API/Unit/UnitNormal.cpp" />
		<Unit filename="Functions/API/Unit/UnitNormal.h" />
		<Unit filename="Functions/API/WinApi.cpp" />
		<Unit filename="Functions/API/WinApi.h" />
		<Unit filename="Functions/API/bindapi.cpp" />
		<Unit filename="Functions/API/bindapi.h" />
		<Unit filename="Functions/Additional Native Constants.cpp" />
		<Unit filename="Functions/Additional Native Constants.h" />
		<Unit filename="Functions/Additional Native Functions.cpp" />
		<Unit filename="Functions/Additional Native Functions.h" />
		<Unit filename="Functions/BasicConstants.cpp" />
		<Unit filename="Functions/BasicConstants.h" />
		<Unit filename="Functions/CNatives.h" />
		<Unit filename="Functions/Calls.h" />
		<Unit filename="Functions/Commands/Base.cpp" />
		<Unit filename="Functions/Commands/Base.h" />
		<Unit filename="Functions/Commands/Common Includes.h" />
		<Unit filename="Functions/Commands/Powerful.cpp" />
		<Unit filename="Functions/Commands/Powerful.h" />
		<Unit filename="Functions/Commands/Simple.cpp" />
		<Unit filename="Functions/Commands/Simple.h" />
		<Unit filename="Functions/Commands/Test.cpp" />
		<Unit filename="Functions/Commands/Test.h" />
		<Unit filename="Functions/Deg2Rad.h" />
		<Unit filename="Functions/Extern Natives.h" />
		<Unit filename="Functions/From MemHack.h" />
		<Unit filename="Functions/Functions.cpp" />
		<Unit filename="Functions/Functions.h" />
		<Unit filename="Functions/Jass Natives.cpp" />
		<Unit filename="Functions/Jass Natives.h" />
		<Unit filename="Functions/Logs/Log.cpp" />
		<Unit filename="Functions/Logs/Log.h" />
		<Unit filename="Functions/Lua/Events.cpp" />
		<Unit filename="Functions/Lua/Events.h" />
		<Unit filename="Functions/Lua/LuaEngine.h" />
		<Unit filename="Functions/Lua/LuaFunctions.cpp" />
		<Unit filename="Functions/Lua/LuaFunctions.h" />
		<Unit filename="Functions/Lua/LuaNatives.cpp" />
		<Unit filename="Functions/Lua/LuaNatives.h" />
		<Unit filename="Functions/Lua/LuaStates.cpp" />
		<Unit filename="Functions/Lua/LuaStates.h" />
		<Unit filename="Functions/States.cpp" />
		<Unit filename="Functions/States.h" />
		<Unit filename="Functions/Warcraft Functions.cpp" />
		<Unit filename="Functions/Warcraft Functions.h" />
		<Unit filename="Utilities/Cleanup.cpp" />
		<Unit filename="Utilities/Cleanup.h" />
		<Unit filename="Utilities/DmgEventData.cpp" />
		<Unit filename="Utilities/DmgEventData.h" />
		<Unit filename="Utilities/Hook Text Messages.cpp" />
		<Unit filename="Utilities/Hook Text Messages.h" />
		<Unit filename="Utilities/HookChat.cpp" />
		<Unit filename="Utilities/HookChat.h" />
		<Unit filename="Utilities/HotKeys.cpp" />
		<Unit filename="Utilities/HotKeys.h" />
		<Unit filename="Utilities/MPQres.cpp" />
		<Unit filename="Utilities/MPQres.h" />
		<Unit filename="Utilities/Mem_restorer.cpp" />
		<Unit filename="Utilities/Mem_restorer.h" />
		<Unit filename="Utilities/Menu.cpp" />
		<Unit filename="Utilities/Menu.h" />
		<Unit filename="Utilities/PeriodicEventData.cpp" />
		<Unit filename="Utilities/PeriodicEventData.h" />
		<Unit filename="Utilities/PrintDmg.cpp" />
		<Unit filename="Utilities/PrintDmg.h" />
		<Unit filename="main.cpp" />
		<Unit filename="main.h" />
		<Extensions>
			<lib_finder disable_auto="1" />
		</Extensions>
	</Project>
</CodeBlocks_project_file>
