<?xml version="1.0" encoding="utf-8"?>
<Project ToolsVersion="16.0" xmlns="http://schemas.microsoft.com/developer/msbuild/2003">
  <ItemGroup>
    <ClCompile Include="source\codegen.cpp">
      <Filter>Source Files</Filter>
    </ClCompile>
    <ClCompile Include="source\memory.cpp">
      <Filter>Source Files</Filter>
    </ClCompile>
    <ClCompile Include="source\detail\arch\impl.cpp">
      <Filter>Source Files</Filter>
    </ClCompile>
    <ClCompile Include="source\detail\platform\impl.cpp">
      <Filter>Source Files</Filter>
    </ClCompile>
  </ItemGroup>
  <ItemGroup>
    <Filter Include="Source Files">
      <UniqueIdentifier>{806FCD43-6DF2-3A9C-821D-008B4DA82F63}</UniqueIdentifier>
    </Filter>
  </ItemGroup>
</Project>